// !$*UTF8*$!
{
	archiveVersion = 1;
	classes = {
	};
	objectVersion = 46;
	objects = {

/* Begin PBXBuildFile section */
		6105E75B1602C6F600D0E8DA /* CPNilPlaceholder.h in Headers */ = {isa = PBXBuildFile; fileRef = 6105E7591602C6F500D0E8DA /* CPNilPlaceholder.h */; };
		6105E75C1602C6F600D0E8DA /* CPNilPlaceholder.m in Sources */ = {isa = PBXBuildFile; fileRef = 6105E75A1602C6F500D0E8DA /* CPNilPlaceholder.m */; };
		61329DCF15F176BA00E5E43C /* CPSocketConnection.h in Headers */ = {isa = PBXBuildFile; fileRef = 61329DCD15F176BA00E5E43C /* CPSocketConnection.h */; };
		61329DD015F176BA00E5E43C /* CPSocketConnection.m in Sources */ = {isa = PBXBuildFile; fileRef = 61329DCE15F176BA00E5E43C /* CPSocketConnection.m */; };
		61329DD715F19F3800E5E43C /* CPSocketServer.h in Headers */ = {isa = PBXBuildFile; fileRef = 61329DD515F19F3800E5E43C /* CPSocketServer.h */; };
		61329DD815F19F3800E5E43C /* CPSocketServer.m in Sources */ = {isa = PBXBuildFile; fileRef = 61329DD615F19F3800E5E43C /* CPSocketServer.m */; };
		614AEE87157FD02F00E7526B /* CocoaPort.h in Headers */ = {isa = PBXBuildFile; fileRef = 61976FF8157CE9B000788469 /* CocoaPort.h */; settings = {ATTRIBUTES = (Public, ); }; };
		6156B07C15FC0C3B00F26BAC /* GCDAsyncSocket.m in Sources */ = {isa = PBXBuildFile; fileRef = 6156B07A15FC0C3B00F26BAC /* GCDAsyncSocket.m */; };
		61852F0F162C51700058997D /* GCDAsyncSocket.h in Headers */ = {isa = PBXBuildFile; fileRef = 6156B07915FC0C3B00F26BAC /* GCDAsyncSocket.h */; };
		618699CB15C75A64008BBD84 /* CPPort+RPUnarchiverDelegate.h in Headers */ = {isa = PBXBuildFile; fileRef = 618699C915C75A62008BBD84 /* CPPort+RPUnarchiverDelegate.h */; };
		618699CC15C75A64008BBD84 /* CPPort+RPUnarchiverDelegate.m in Sources */ = {isa = PBXBuildFile; fileRef = 618699CA15C75A64008BBD84 /* CPPort+RPUnarchiverDelegate.m */; settings = {COMPILER_FLAGS = "-fno-objc-arc"; }; };
		618699D015C75BFD008BBD84 /* CPSentReferencePlaceholder.h in Headers */ = {isa = PBXBuildFile; fileRef = 618699CE15C75BFC008BBD84 /* CPSentReferencePlaceholder.h */; };
		618699D115C75BFD008BBD84 /* CPSentReferencePlaceholder.m in Sources */ = {isa = PBXBuildFile; fileRef = 618699CF15C75BFC008BBD84 /* CPSentReferencePlaceholder.m */; };
		6188509A16DEC125009B412E /* TestCPSocketConnection.m in Sources */ = {isa = PBXBuildFile; fileRef = 6188509216DEC117009B412E /* TestCPSocketConnection.m */; };
		6188509B16DEC126009B412E /* TestCPSocketConnection.m in Sources */ = {isa = PBXBuildFile; fileRef = 6188509216DEC117009B412E /* TestCPSocketConnection.m */; };
		618F8F661624411B000837E5 /* CPInAppConnection.h in Headers */ = {isa = PBXBuildFile; fileRef = 618F8F641624411B000837E5 /* CPInAppConnection.h */; };
		618F8F671624411B000837E5 /* CPInAppConnection.m in Sources */ = {isa = PBXBuildFile; fileRef = 618F8F651624411B000837E5 /* CPInAppConnection.m */; };
		618F8F681624411B000837E5 /* CPInAppConnection.m in Sources */ = {isa = PBXBuildFile; fileRef = 618F8F651624411B000837E5 /* CPInAppConnection.m */; };
		618F8F7516244B76000837E5 /* SenTestingKit.framework in Frameworks */ = {isa = PBXBuildFile; fileRef = 61977001157CE9B000788469 /* SenTestingKit.framework */; };
		618F8F7616244B76000837E5 /* Cocoa.framework in Frameworks */ = {isa = PBXBuildFile; fileRef = 61976FEF157CE9B000788469 /* Cocoa.framework */; };
		618F8F7C16244B76000837E5 /* InfoPlist.strings in Resources */ = {isa = PBXBuildFile; fileRef = 618F8F7A16244B76000837E5 /* InfoPlist.strings */; };
		618F8F8416244B91000837E5 /* TestRetainRelease.m in Sources */ = {isa = PBXBuildFile; fileRef = 618F8F6B16244350000837E5 /* TestRetainRelease.m */; };
		618F8F8816244BF2000837E5 /* libCocoaPort-MacOS.a in Frameworks */ = {isa = PBXBuildFile; fileRef = 61976FEC157CE9B000788469 /* libCocoaPort-MacOS.a */; };
		618F8F8A16245E59000837E5 /* Security.framework in Frameworks */ = {isa = PBXBuildFile; fileRef = 618F8F8916245E59000837E5 /* Security.framework */; };
		618F8F8D1624A103000837E5 /* CPUtilities.h in Headers */ = {isa = PBXBuildFile; fileRef = 618F8F8B1624A103000837E5 /* CPUtilities.h */; };
		618F8F8E1624A103000837E5 /* CPUtilities.m in Sources */ = {isa = PBXBuildFile; fileRef = 618F8F8C1624A103000837E5 /* CPUtilities.m */; settings = {COMPILER_FLAGS = "-fno-objc-arc"; }; };
		618F8F8F1624A103000837E5 /* CPUtilities.m in Sources */ = {isa = PBXBuildFile; fileRef = 618F8F8C1624A103000837E5 /* CPUtilities.m */; settings = {COMPILER_FLAGS = "-fno-objc-arc"; }; };
		6197702C157CF56F00788469 /* CPConnection.h in Headers */ = {isa = PBXBuildFile; fileRef = 6197702A157CF56F00788469 /* CPConnection.h */; };
		6197703C157D153500788469 /* CPFuture.h in Headers */ = {isa = PBXBuildFile; fileRef = 6197703A157D153500788469 /* CPFuture.h */; };
		6197703D157D153500788469 /* CPFuture.m in Sources */ = {isa = PBXBuildFile; fileRef = 6197703B157D153500788469 /* CPFuture.m */; };
		61977042157D2C7100788469 /* CPRemoteInvocation.h in Headers */ = {isa = PBXBuildFile; fileRef = 61977040157D2C7100788469 /* CPRemoteInvocation.h */; };
		61977043157D2C7100788469 /* CPRemoteInvocation.m in Sources */ = {isa = PBXBuildFile; fileRef = 61977041157D2C7100788469 /* CPRemoteInvocation.m */; };
		61977053157D5B2E00788469 /* CPEvaluable.m in Sources */ = {isa = PBXBuildFile; fileRef = 61977052157D5B2E00788469 /* CPEvaluable.m */; };
		61977054157D675B00788469 /* CPEvaluable.h in Headers */ = {isa = PBXBuildFile; fileRef = 6197703E157D2BE600788469 /* CPEvaluable.h */; };
		61977057157D67B000788469 /* CPPort.h in Headers */ = {isa = PBXBuildFile; fileRef = 61977055157D67B000788469 /* CPPort.h */; settings = {ATTRIBUTES = (Public, ); }; };
		61977058157D67B000788469 /* CPPort.m in Sources */ = {isa = PBXBuildFile; fileRef = 61977056157D67B000788469 /* CPPort.m */; };
		619843C7157E487F005A66F6 /* CPRetainReleaseMessage.h in Headers */ = {isa = PBXBuildFile; fileRef = 619843C5157E487F005A66F6 /* CPRetainReleaseMessage.h */; };
		619843C8157E487F005A66F6 /* CPRetainReleaseMessage.m in Sources */ = {isa = PBXBuildFile; fileRef = 619843C6157E487F005A66F6 /* CPRetainReleaseMessage.m */; };
		619843D8157E8499005A66F6 /* CPResponseMessage.h in Headers */ = {isa = PBXBuildFile; fileRef = 619843D6157E8499005A66F6 /* CPResponseMessage.h */; };
		619843D9157E8499005A66F6 /* CPResponseMessage.m in Sources */ = {isa = PBXBuildFile; fileRef = 619843D7157E8499005A66F6 /* CPResponseMessage.m */; };
		619E8C6115F671E900AFA249 /* CPObservationHandle.h in Headers */ = {isa = PBXBuildFile; fileRef = 619E8C5F15F671E900AFA249 /* CPObservationHandle.h */; };
		619E8C6215F671E900AFA249 /* CPObservationHandle.m in Sources */ = {isa = PBXBuildFile; fileRef = 619E8C6015F671E900AFA249 /* CPObservationHandle.m */; };
		619E8C6D15F6845300AFA249 /* CPObservationManager.h in Headers */ = {isa = PBXBuildFile; fileRef = 619E8C6B15F6845300AFA249 /* CPObservationManager.h */; };
		619E8C6E15F6845300AFA249 /* CPObservationManager.m in Sources */ = {isa = PBXBuildFile; fileRef = 619E8C6C15F6845300AFA249 /* CPObservationManager.m */; };
		619E8C7215F6A0FA00AFA249 /* CPReferenceMap.h in Headers */ = {isa = PBXBuildFile; fileRef = 619E8C7015F6A0FA00AFA249 /* CPReferenceMap.h */; };
		619E8C7315F6A0FA00AFA249 /* CPReferenceMap.m in Sources */ = {isa = PBXBuildFile; fileRef = 619E8C7115F6A0FA00AFA249 /* CPReferenceMap.m */; };
		619FE8DF15F23DAA003FF849 /* CPCodingObject.h in Headers */ = {isa = PBXBuildFile; fileRef = 619FE8DD15F23DAA003FF849 /* CPCodingObject.h */; };
		619FE8E015F23DAA003FF849 /* CPCodingObject.m in Sources */ = {isa = PBXBuildFile; fileRef = 619FE8DE15F23DAA003FF849 /* CPCodingObject.m */; };
		61B96E4216DDAAB00030A04E /* TestCPPort.m in Sources */ = {isa = PBXBuildFile; fileRef = 61B96E4116DDAAB00030A04E /* TestCPPort.m */; };
		61B96E4316DDAAB00030A04E /* TestCPPort.m in Sources */ = {isa = PBXBuildFile; fileRef = 61B96E4116DDAAB00030A04E /* TestCPPort.m */; };
		61B96E6716DDCAA80030A04E /* OCHamcrest.framework in Frameworks */ = {isa = PBXBuildFile; fileRef = 61B96E5116DDCA890030A04E /* OCHamcrest.framework */; };
		61B96E6816DDCAA80030A04E /* OCMockito.framework in Frameworks */ = {isa = PBXBuildFile; fileRef = 61B96E6016DDCA940030A04E /* OCMockito.framework */; };
		61F8EFDF1691048C000D6A4A /* SenTestingKit.framework in Frameworks */ = {isa = PBXBuildFile; fileRef = 61977001157CE9B000788469 /* SenTestingKit.framework */; };
		61F8EFE11691048C000D6A4A /* UIKit.framework in Frameworks */ = {isa = PBXBuildFile; fileRef = 61F8EFE01691048C000D6A4A /* UIKit.framework */; };
		61F8EFE21691048C000D6A4A /* Foundation.framework in Frameworks */ = {isa = PBXBuildFile; fileRef = 61FCB6E016130C990056B5A4 /* Foundation.framework */; };
		61F8EFE81691048C000D6A4A /* InfoPlist.strings in Resources */ = {isa = PBXBuildFile; fileRef = 61F8EFE61691048C000D6A4A /* InfoPlist.strings */; };
		61F8EFF0169104D9000D6A4A /* TestRetainRelease.m in Sources */ = {isa = PBXBuildFile; fileRef = 618F8F6B16244350000837E5 /* TestRetainRelease.m */; };
		61F8EFF116910512000D6A4A /* libCocoaPort-iOS.a in Frameworks */ = {isa = PBXBuildFile; fileRef = 61FCB6DF16130C990056B5A4 /* libCocoaPort-iOS.a */; };
		61FCB6E116130C990056B5A4 /* Foundation.framework in Frameworks */ = {isa = PBXBuildFile; fileRef = 61FCB6E016130C990056B5A4 /* Foundation.framework */; };
		61FCB6ED16130D670056B5A4 /* CPPort.m in Sources */ = {isa = PBXBuildFile; fileRef = 61977056157D67B000788469 /* CPPort.m */; };
		61FCB6EE16130D670056B5A4 /* CPSocketConnection.m in Sources */ = {isa = PBXBuildFile; fileRef = 61329DCE15F176BA00E5E43C /* CPSocketConnection.m */; };
		61FCB6EF16130D670056B5A4 /* CPSocketServer.m in Sources */ = {isa = PBXBuildFile; fileRef = 61329DD615F19F3800E5E43C /* CPSocketServer.m */; };
		61FCB6F016130D790056B5A4 /* CPRemoteInvocation.m in Sources */ = {isa = PBXBuildFile; fileRef = 61977041157D2C7100788469 /* CPRemoteInvocation.m */; };
		61FCB6F116130D790056B5A4 /* CPRetainReleaseMessage.m in Sources */ = {isa = PBXBuildFile; fileRef = 619843C6157E487F005A66F6 /* CPRetainReleaseMessage.m */; };
		61FCB6F216130D790056B5A4 /* CPResponseMessage.m in Sources */ = {isa = PBXBuildFile; fileRef = 619843D7157E8499005A66F6 /* CPResponseMessage.m */; };
		61FCB6F316130D7F0056B5A4 /* CPEvaluable.m in Sources */ = {isa = PBXBuildFile; fileRef = 61977052157D5B2E00788469 /* CPEvaluable.m */; };
		61FCB6F416130D7F0056B5A4 /* CPFuture.m in Sources */ = {isa = PBXBuildFile; fileRef = 6197703B157D153500788469 /* CPFuture.m */; };
		61FCB6F516130D870056B5A4 /* CPPort+RPUnarchiverDelegate.m in Sources */ = {isa = PBXBuildFile; fileRef = 618699CA15C75A64008BBD84 /* CPPort+RPUnarchiverDelegate.m */; settings = {COMPILER_FLAGS = "-fno-objc-arc"; }; };
		61FCB6F616130D870056B5A4 /* CPSentReferencePlaceholder.m in Sources */ = {isa = PBXBuildFile; fileRef = 618699CF15C75BFC008BBD84 /* CPSentReferencePlaceholder.m */; };
		61FCB6F716130D870056B5A4 /* CPNilPlaceholder.m in Sources */ = {isa = PBXBuildFile; fileRef = 6105E75A1602C6F500D0E8DA /* CPNilPlaceholder.m */; };
		61FCB6F816130DEC0056B5A4 /* CPObservationHandle.m in Sources */ = {isa = PBXBuildFile; fileRef = 619E8C6015F671E900AFA249 /* CPObservationHandle.m */; };
		61FCB6F916130DEC0056B5A4 /* CPObservationManager.m in Sources */ = {isa = PBXBuildFile; fileRef = 619E8C6C15F6845300AFA249 /* CPObservationManager.m */; };
		61FCB6FA16130DEC0056B5A4 /* CPCodingObject.m in Sources */ = {isa = PBXBuildFile; fileRef = 619FE8DE15F23DAA003FF849 /* CPCodingObject.m */; };
		61FCB6FB16130DEC0056B5A4 /* CPReferenceMap.m in Sources */ = {isa = PBXBuildFile; fileRef = 619E8C7115F6A0FA00AFA249 /* CPReferenceMap.m */; };
		61FCB6FC16130DEC0056B5A4 /* GCDAsyncSocket.m in Sources */ = {isa = PBXBuildFile; fileRef = 6156B07A15FC0C3B00F26BAC /* GCDAsyncSocket.m */; };
		61FCB6FE16130E6D0056B5A4 /* CPNamespace-iOS.h in Headers */ = {isa = PBXBuildFile; fileRef = 61FCB6FD16130E6D0056B5A4 /* CPNamespace-iOS.h */; };
		61FE792F160A177200C5E23E /* CPNamespace-MacOS.h in Headers */ = {isa = PBXBuildFile; fileRef = 61FE792E160A177200C5E23E /* CPNamespace-MacOS.h */; };
/* End PBXBuildFile section */

/* Begin PBXContainerItemProxy section */
		618F8F8616244BC3000837E5 /* PBXContainerItemProxy */ = {
			isa = PBXContainerItemProxy;
			containerPortal = 61976FE3157CE9B000788469 /* Project object */;
			proxyType = 1;
			remoteGlobalIDString = 61976FEB157CE9B000788469;
			remoteInfo = "CocoaPort-MacOS";
		};
		61B96E5016DDCA890030A04E /* PBXContainerItemProxy */ = {
			isa = PBXContainerItemProxy;
			containerPortal = 61B96E4916DDCA890030A04E /* OCHamcrest.xcodeproj */;
			proxyType = 2;
			remoteGlobalIDString = 087601E213440806001B439B;
			remoteInfo = OCHamcrest;
		};
		61B96E5216DDCA890030A04E /* PBXContainerItemProxy */ = {
			isa = PBXContainerItemProxy;
			containerPortal = 61B96E4916DDCA890030A04E /* OCHamcrest.xcodeproj */;
			proxyType = 2;
			remoteGlobalIDString = 087601F713440807001B439B;
			remoteInfo = OCHamcrestTests;
		};
		61B96E5416DDCA890030A04E /* PBXContainerItemProxy */ = {
			isa = PBXContainerItemProxy;
			containerPortal = 61B96E4916DDCA890030A04E /* OCHamcrest.xcodeproj */;
			proxyType = 2;
			remoteGlobalIDString = 081BEE621345979F003F846A;
			remoteInfo = libochamcrest;
		};
		61B96E5616DDCA890030A04E /* PBXContainerItemProxy */ = {
			isa = PBXContainerItemProxy;
			containerPortal = 61B96E4916DDCA890030A04E /* OCHamcrest.xcodeproj */;
			proxyType = 2;
			remoteGlobalIDString = 081BEE6C1345979F003F846A;
			remoteInfo = libochamcrestTests;
		};
		61B96E5F16DDCA940030A04E /* PBXContainerItemProxy */ = {
			isa = PBXContainerItemProxy;
			containerPortal = 61B96E5816DDCA940030A04E /* OCMockito.xcodeproj */;
			proxyType = 2;
			remoteGlobalIDString = 08BDD5A91350C59C00E5A443;
			remoteInfo = OCMockito;
		};
		61B96E6116DDCA940030A04E /* PBXContainerItemProxy */ = {
			isa = PBXContainerItemProxy;
			containerPortal = 61B96E5816DDCA940030A04E /* OCMockito.xcodeproj */;
			proxyType = 2;
			remoteGlobalIDString = 08BDD5BE1350C59C00E5A443;
			remoteInfo = OCMockitoTests;
		};
		61B96E6316DDCA940030A04E /* PBXContainerItemProxy */ = {
			isa = PBXContainerItemProxy;
			containerPortal = 61B96E5816DDCA940030A04E /* OCMockito.xcodeproj */;
			proxyType = 2;
			remoteGlobalIDString = 085D2FF51351254000EBBE91;
			remoteInfo = libocmockito;
		};
		61B96E6516DDCA940030A04E /* PBXContainerItemProxy */ = {
			isa = PBXContainerItemProxy;
			containerPortal = 61B96E5816DDCA940030A04E /* OCMockito.xcodeproj */;
			proxyType = 2;
			remoteGlobalIDString = 085D2FFF1351254000EBBE91;
			remoteInfo = libocmockitoTests;
		};
		61B96E6916DDCAB00030A04E /* PBXContainerItemProxy */ = {
			isa = PBXContainerItemProxy;
			containerPortal = 61B96E4916DDCA890030A04E /* OCHamcrest.xcodeproj */;
			proxyType = 1;
			remoteGlobalIDString = 087601E113440806001B439B;
			remoteInfo = OCHamcrest;
		};
		61B96E6B16DDCAB00030A04E /* PBXContainerItemProxy */ = {
			isa = PBXContainerItemProxy;
			containerPortal = 61B96E5816DDCA940030A04E /* OCMockito.xcodeproj */;
			proxyType = 1;
			remoteGlobalIDString = 08BDD5A81350C59C00E5A443;
			remoteInfo = OCMockito;
		};
/* End PBXContainerItemProxy section */

/* Begin PBXCopyFilesBuildPhase section */
		61FCB6DD16130C990056B5A4 /* CopyFiles */ = {
			isa = PBXCopyFilesBuildPhase;
			buildActionMask = 2147483647;
			dstPath = "include/${PRODUCT_NAME}";
			dstSubfolderSpec = 16;
			files = (
			);
			runOnlyForDeploymentPostprocessing = 0;
		};
/* End PBXCopyFilesBuildPhase section */

/* Begin PBXFileReference section */
		6105E7591602C6F500D0E8DA /* CPNilPlaceholder.h */ = {isa = PBXFileReference; fileEncoding = 4; lastKnownFileType = sourcecode.c.h; path = CPNilPlaceholder.h; sourceTree = "<group>"; };
		6105E75A1602C6F500D0E8DA /* CPNilPlaceholder.m */ = {isa = PBXFileReference; fileEncoding = 4; lastKnownFileType = sourcecode.c.objc; path = CPNilPlaceholder.m; sourceTree = "<group>"; };
		61329DCD15F176BA00E5E43C /* CPSocketConnection.h */ = {isa = PBXFileReference; fileEncoding = 4; lastKnownFileType = sourcecode.c.h; path = CPSocketConnection.h; sourceTree = "<group>"; };
		61329DCE15F176BA00E5E43C /* CPSocketConnection.m */ = {isa = PBXFileReference; fileEncoding = 4; lastKnownFileType = sourcecode.c.objc; path = CPSocketConnection.m; sourceTree = "<group>"; };
		61329DD315F177BB00E5E43C /* CPPortMessage.h */ = {isa = PBXFileReference; lastKnownFileType = sourcecode.c.h; name = CPPortMessage.h; path = CocoaPort/CPPortMessage.h; sourceTree = "<group>"; };
		61329DD415F18BFC00E5E43C /* CPSocketMsg.h */ = {isa = PBXFileReference; lastKnownFileType = sourcecode.c.h; path = CPSocketMsg.h; sourceTree = "<group>"; };
		61329DD515F19F3800E5E43C /* CPSocketServer.h */ = {isa = PBXFileReference; fileEncoding = 4; lastKnownFileType = sourcecode.c.h; path = CPSocketServer.h; sourceTree = "<group>"; };
		61329DD615F19F3800E5E43C /* CPSocketServer.m */ = {isa = PBXFileReference; fileEncoding = 4; lastKnownFileType = sourcecode.c.objc; path = CPSocketServer.m; sourceTree = "<group>"; };
		6156B07915FC0C3B00F26BAC /* GCDAsyncSocket.h */ = {isa = PBXFileReference; fileEncoding = 4; lastKnownFileType = sourcecode.c.h; name = GCDAsyncSocket.h; path = External/CocoaAsyncSocket/GCD/GCDAsyncSocket.h; sourceTree = SOURCE_ROOT; };
		6156B07A15FC0C3B00F26BAC /* GCDAsyncSocket.m */ = {isa = PBXFileReference; fileEncoding = 4; lastKnownFileType = sourcecode.c.objc; name = GCDAsyncSocket.m; path = External/CocoaAsyncSocket/GCD/GCDAsyncSocket.m; sourceTree = SOURCE_ROOT; };
		61827B8B1614B197006FAA09 /* DDLog.h */ = {isa = PBXFileReference; fileEncoding = 4; lastKnownFileType = sourcecode.c.h; name = DDLog.h; path = External/CocoaAsyncSocket/Vendor/CocoaLumberjack/DDLog.h; sourceTree = SOURCE_ROOT; };
		61827B8C1614B197006FAA09 /* DDLog.m */ = {isa = PBXFileReference; fileEncoding = 4; lastKnownFileType = sourcecode.c.objc; name = DDLog.m; path = External/CocoaAsyncSocket/Vendor/CocoaLumberjack/DDLog.m; sourceTree = SOURCE_ROOT; };
		61827B901614C0A2006FAA09 /* DDTTYLogger.h */ = {isa = PBXFileReference; fileEncoding = 4; lastKnownFileType = sourcecode.c.h; name = DDTTYLogger.h; path = External/CocoaAsyncSocket/Vendor/CocoaLumberjack/DDTTYLogger.h; sourceTree = SOURCE_ROOT; };
		61827B911614C0A2006FAA09 /* DDTTYLogger.m */ = {isa = PBXFileReference; fileEncoding = 4; lastKnownFileType = sourcecode.c.objc; name = DDTTYLogger.m; path = External/CocoaAsyncSocket/Vendor/CocoaLumberjack/DDTTYLogger.m; sourceTree = SOURCE_ROOT; };
		618699C915C75A62008BBD84 /* CPPort+RPUnarchiverDelegate.h */ = {isa = PBXFileReference; fileEncoding = 4; lastKnownFileType = sourcecode.c.h; path = "CPPort+RPUnarchiverDelegate.h"; sourceTree = "<group>"; };
		618699CA15C75A64008BBD84 /* CPPort+RPUnarchiverDelegate.m */ = {isa = PBXFileReference; fileEncoding = 4; lastKnownFileType = sourcecode.c.objc; path = "CPPort+RPUnarchiverDelegate.m"; sourceTree = "<group>"; };
		618699CE15C75BFC008BBD84 /* CPSentReferencePlaceholder.h */ = {isa = PBXFileReference; fileEncoding = 4; lastKnownFileType = sourcecode.c.h; path = CPSentReferencePlaceholder.h; sourceTree = "<group>"; };
		618699CF15C75BFC008BBD84 /* CPSentReferencePlaceholder.m */ = {isa = PBXFileReference; fileEncoding = 4; lastKnownFileType = sourcecode.c.objc; path = CPSentReferencePlaceholder.m; sourceTree = "<group>"; };
		6188509216DEC117009B412E /* TestCPSocketConnection.m */ = {isa = PBXFileReference; fileEncoding = 4; lastKnownFileType = sourcecode.c.objc; path = TestCPSocketConnection.m; sourceTree = "<group>"; };
		618F8F5E1624281A000837E5 /* CPRetainReleaseMessage.h */ = {isa = PBXFileReference; fileEncoding = 4; lastKnownFileType = sourcecode.c.h; path = CPRetainReleaseMessage.h; sourceTree = "<group>"; };
		618F8F5F1624281A000837E5 /* CPRetainReleaseMessage.m */ = {isa = PBXFileReference; fileEncoding = 4; lastKnownFileType = sourcecode.c.objc; path = CPRetainReleaseMessage.m; sourceTree = "<group>"; };
		618F8F641624411B000837E5 /* CPInAppConnection.h */ = {isa = PBXFileReference; fileEncoding = 4; lastKnownFileType = sourcecode.c.h; path = CPInAppConnection.h; sourceTree = "<group>"; };
		618F8F651624411B000837E5 /* CPInAppConnection.m */ = {isa = PBXFileReference; fileEncoding = 4; lastKnownFileType = sourcecode.c.objc; path = CPInAppConnection.m; sourceTree = "<group>"; };
		618F8F6A16244350000837E5 /* TestRetainRelease.h */ = {isa = PBXFileReference; fileEncoding = 4; lastKnownFileType = sourcecode.c.h; path = TestRetainRelease.h; sourceTree = "<group>"; };
		618F8F6B16244350000837E5 /* TestRetainRelease.m */ = {isa = PBXFileReference; fileEncoding = 4; lastKnownFileType = sourcecode.c.objc; path = TestRetainRelease.m; sourceTree = "<group>"; };
		618F8F7416244B76000837E5 /* CocoaPortTests-MacOS.octest */ = {isa = PBXFileReference; explicitFileType = wrapper.cfbundle; includeInIndex = 0; path = "CocoaPortTests-MacOS.octest"; sourceTree = BUILT_PRODUCTS_DIR; };
		618F8F7916244B76000837E5 /* CocoaPortTests-Info.plist */ = {isa = PBXFileReference; lastKnownFileType = text.plist.xml; path = "CocoaPortTests-Info.plist"; sourceTree = "<group>"; };
		618F8F7B16244B76000837E5 /* en */ = {isa = PBXFileReference; lastKnownFileType = text.plist.strings; name = en; path = en.lproj/InfoPlist.strings; sourceTree = "<group>"; };
		618F8F8016244B76000837E5 /* CocoaPortTests-Prefix.pch */ = {isa = PBXFileReference; lastKnownFileType = sourcecode.c.h; path = "CocoaPortTests-Prefix.pch"; sourceTree = "<group>"; };
		618F8F8916245E59000837E5 /* Security.framework */ = {isa = PBXFileReference; lastKnownFileType = wrapper.framework; name = Security.framework; path = System/Library/Frameworks/Security.framework; sourceTree = SDKROOT; };
		618F8F8B1624A103000837E5 /* CPUtilities.h */ = {isa = PBXFileReference; fileEncoding = 4; lastKnownFileType = sourcecode.c.h; path = CPUtilities.h; sourceTree = "<group>"; };
		618F8F8C1624A103000837E5 /* CPUtilities.m */ = {isa = PBXFileReference; fileEncoding = 4; lastKnownFileType = sourcecode.c.objc; path = CPUtilities.m; sourceTree = "<group>"; };
		61976FEC157CE9B000788469 /* libCocoaPort-MacOS.a */ = {isa = PBXFileReference; explicitFileType = archive.ar; includeInIndex = 0; path = "libCocoaPort-MacOS.a"; sourceTree = BUILT_PRODUCTS_DIR; };
		61976FEF157CE9B000788469 /* Cocoa.framework */ = {isa = PBXFileReference; lastKnownFileType = wrapper.framework; name = Cocoa.framework; path = System/Library/Frameworks/Cocoa.framework; sourceTree = SDKROOT; };
		61976FF2157CE9B000788469 /* AppKit.framework */ = {isa = PBXFileReference; lastKnownFileType = wrapper.framework; name = AppKit.framework; path = System/Library/Frameworks/AppKit.framework; sourceTree = SDKROOT; };
		61976FF3157CE9B000788469 /* CoreData.framework */ = {isa = PBXFileReference; lastKnownFileType = wrapper.framework; name = CoreData.framework; path = System/Library/Frameworks/CoreData.framework; sourceTree = SDKROOT; };
		61976FF4157CE9B000788469 /* Foundation.framework */ = {isa = PBXFileReference; lastKnownFileType = wrapper.framework; name = Foundation.framework; path = System/Library/Frameworks/Foundation.framework; sourceTree = SDKROOT; };
		61976FF7157CE9B000788469 /* CocoaPort-Prefix.pch */ = {isa = PBXFileReference; lastKnownFileType = sourcecode.c.h; path = "CocoaPort-Prefix.pch"; sourceTree = "<group>"; };
		61976FF8157CE9B000788469 /* CocoaPort.h */ = {isa = PBXFileReference; lastKnownFileType = sourcecode.c.h; path = CocoaPort.h; sourceTree = "<group>"; };
		61977001157CE9B000788469 /* SenTestingKit.framework */ = {isa = PBXFileReference; lastKnownFileType = wrapper.framework; name = SenTestingKit.framework; path = Library/Frameworks/SenTestingKit.framework; sourceTree = DEVELOPER_DIR; };
		6197702A157CF56F00788469 /* CPConnection.h */ = {isa = PBXFileReference; fileEncoding = 4; lastKnownFileType = sourcecode.c.h; path = CPConnection.h; sourceTree = "<group>"; };
		6197703A157D153500788469 /* CPFuture.h */ = {isa = PBXFileReference; fileEncoding = 4; lastKnownFileType = sourcecode.c.h; name = CPFuture.h; path = CocoaPort/CPFuture.h; sourceTree = "<group>"; };
		6197703B157D153500788469 /* CPFuture.m */ = {isa = PBXFileReference; fileEncoding = 4; lastKnownFileType = sourcecode.c.objc; name = CPFuture.m; path = CocoaPort/CPFuture.m; sourceTree = "<group>"; };
		6197703E157D2BE600788469 /* CPEvaluable.h */ = {isa = PBXFileReference; lastKnownFileType = sourcecode.c.h; name = CPEvaluable.h; path = CocoaPort/CPEvaluable.h; sourceTree = "<group>"; };
		61977040157D2C7100788469 /* CPRemoteInvocation.h */ = {isa = PBXFileReference; fileEncoding = 4; lastKnownFileType = sourcecode.c.h; name = CPRemoteInvocation.h; path = CocoaPort/CPRemoteInvocation.h; sourceTree = "<group>"; };
		61977041157D2C7100788469 /* CPRemoteInvocation.m */ = {isa = PBXFileReference; fileEncoding = 4; lastKnownFileType = sourcecode.c.objc; name = CPRemoteInvocation.m; path = CocoaPort/CPRemoteInvocation.m; sourceTree = "<group>"; };
		61977052157D5B2E00788469 /* CPEvaluable.m */ = {isa = PBXFileReference; fileEncoding = 4; lastKnownFileType = sourcecode.c.objc; name = CPEvaluable.m; path = CocoaPort/CPEvaluable.m; sourceTree = "<group>"; };
		61977055157D67B000788469 /* CPPort.h */ = {isa = PBXFileReference; fileEncoding = 4; lastKnownFileType = sourcecode.c.h; path = CPPort.h; sourceTree = "<group>"; };
		61977056157D67B000788469 /* CPPort.m */ = {isa = PBXFileReference; fileEncoding = 4; lastKnownFileType = sourcecode.c.objc; path = CPPort.m; sourceTree = "<group>"; };
		619843C5157E487F005A66F6 /* CPRetainReleaseMessage.h */ = {isa = PBXFileReference; fileEncoding = 4; lastKnownFileType = sourcecode.c.h; name = CPRetainReleaseMessage.h; path = CocoaPort/CPRetainReleaseMessage.h; sourceTree = "<group>"; };
		619843C6157E487F005A66F6 /* CPRetainReleaseMessage.m */ = {isa = PBXFileReference; fileEncoding = 4; lastKnownFileType = sourcecode.c.objc; name = CPRetainReleaseMessage.m; path = CocoaPort/CPRetainReleaseMessage.m; sourceTree = "<group>"; };
		619843D6157E8499005A66F6 /* CPResponseMessage.h */ = {isa = PBXFileReference; fileEncoding = 4; lastKnownFileType = sourcecode.c.h; name = CPResponseMessage.h; path = CocoaPort/CPResponseMessage.h; sourceTree = "<group>"; };
		619843D7157E8499005A66F6 /* CPResponseMessage.m */ = {isa = PBXFileReference; fileEncoding = 4; lastKnownFileType = sourcecode.c.objc; name = CPResponseMessage.m; path = CocoaPort/CPResponseMessage.m; sourceTree = "<group>"; };
		619E8C5F15F671E900AFA249 /* CPObservationHandle.h */ = {isa = PBXFileReference; fileEncoding = 4; lastKnownFileType = sourcecode.c.h; path = CPObservationHandle.h; sourceTree = "<group>"; };
		619E8C6015F671E900AFA249 /* CPObservationHandle.m */ = {isa = PBXFileReference; fileEncoding = 4; lastKnownFileType = sourcecode.c.objc; path = CPObservationHandle.m; sourceTree = "<group>"; };
		619E8C6B15F6845300AFA249 /* CPObservationManager.h */ = {isa = PBXFileReference; fileEncoding = 4; lastKnownFileType = sourcecode.c.h; path = CPObservationManager.h; sourceTree = "<group>"; };
		619E8C6C15F6845300AFA249 /* CPObservationManager.m */ = {isa = PBXFileReference; fileEncoding = 4; lastKnownFileType = sourcecode.c.objc; path = CPObservationManager.m; sourceTree = "<group>"; };
		619E8C7015F6A0FA00AFA249 /* CPReferenceMap.h */ = {isa = PBXFileReference; fileEncoding = 4; lastKnownFileType = sourcecode.c.h; path = CPReferenceMap.h; sourceTree = "<group>"; };
		619E8C7115F6A0FA00AFA249 /* CPReferenceMap.m */ = {isa = PBXFileReference; fileEncoding = 4; lastKnownFileType = sourcecode.c.objc; path = CPReferenceMap.m; sourceTree = "<group>"; };
		619FE8DD15F23DAA003FF849 /* CPCodingObject.h */ = {isa = PBXFileReference; fileEncoding = 4; lastKnownFileType = sourcecode.c.h; path = CPCodingObject.h; sourceTree = "<group>"; };
		619FE8DE15F23DAA003FF849 /* CPCodingObject.m */ = {isa = PBXFileReference; fileEncoding = 4; lastKnownFileType = sourcecode.c.objc; path = CPCodingObject.m; sourceTree = "<group>"; };
		61B96E4116DDAAB00030A04E /* TestCPPort.m */ = {isa = PBXFileReference; fileEncoding = 4; lastKnownFileType = sourcecode.c.objc; path = TestCPPort.m; sourceTree = "<group>"; };
		61B96E4916DDCA890030A04E /* OCHamcrest.xcodeproj */ = {isa = PBXFileReference; lastKnownFileType = "wrapper.pb-project"; name = OCHamcrest.xcodeproj; path = External/OCHamcrest/Source/OCHamcrest.xcodeproj; sourceTree = "<group>"; };
		61B96E5816DDCA940030A04E /* OCMockito.xcodeproj */ = {isa = PBXFileReference; lastKnownFileType = "wrapper.pb-project"; name = OCMockito.xcodeproj; path = External/OCMockito/Source/OCMockito.xcodeproj; sourceTree = "<group>"; };
		61F8EFDE1691048C000D6A4A /* CocoaPortTests-iOS.octest */ = {isa = PBXFileReference; explicitFileType = wrapper.cfbundle; includeInIndex = 0; path = "CocoaPortTests-iOS.octest"; sourceTree = BUILT_PRODUCTS_DIR; };
		61F8EFE01691048C000D6A4A /* UIKit.framework */ = {isa = PBXFileReference; lastKnownFileType = wrapper.framework; name = UIKit.framework; path = Library/Frameworks/UIKit.framework; sourceTree = DEVELOPER_DIR; };
		61F8EFE51691048C000D6A4A /* CocoaPortTests-iOS-Info.plist */ = {isa = PBXFileReference; lastKnownFileType = text.plist.xml; path = "CocoaPortTests-iOS-Info.plist"; sourceTree = "<group>"; };
		61F8EFE71691048C000D6A4A /* en */ = {isa = PBXFileReference; lastKnownFileType = text.plist.strings; name = en; path = en.lproj/InfoPlist.strings; sourceTree = "<group>"; };
		61F8EFEC1691048C000D6A4A /* CocoaPortTests-iOS-Prefix.pch */ = {isa = PBXFileReference; lastKnownFileType = sourcecode.c.h; path = "CocoaPortTests-iOS-Prefix.pch"; sourceTree = "<group>"; };
		61FCB6DF16130C990056B5A4 /* libCocoaPort-iOS.a */ = {isa = PBXFileReference; explicitFileType = archive.ar; includeInIndex = 0; path = "libCocoaPort-iOS.a"; sourceTree = BUILT_PRODUCTS_DIR; };
		61FCB6E016130C990056B5A4 /* Foundation.framework */ = {isa = PBXFileReference; lastKnownFileType = wrapper.framework; name = Foundation.framework; path = System/Library/Frameworks/Foundation.framework; sourceTree = SDKROOT; };
		61FCB6E416130C990056B5A4 /* CocoaPort-iOS-Prefix.pch */ = {isa = PBXFileReference; lastKnownFileType = sourcecode.c.h; path = "CocoaPort-iOS-Prefix.pch"; sourceTree = "<group>"; };
		61FCB6FD16130E6D0056B5A4 /* CPNamespace-iOS.h */ = {isa = PBXFileReference; fileEncoding = 4; lastKnownFileType = sourcecode.c.h; path = "CPNamespace-iOS.h"; sourceTree = "<group>"; };
		61FE792E160A177200C5E23E /* CPNamespace-MacOS.h */ = {isa = PBXFileReference; fileEncoding = 4; lastKnownFileType = sourcecode.c.h; path = "CPNamespace-MacOS.h"; sourceTree = "<group>"; };
/* End PBXFileReference section */

/* Begin PBXFrameworksBuildPhase section */
		618F8F7016244B76000837E5 /* Frameworks */ = {
			isa = PBXFrameworksBuildPhase;
			buildActionMask = 2147483647;
			files = (
				61B96E6716DDCAA80030A04E /* OCHamcrest.framework in Frameworks */,
				61B96E6816DDCAA80030A04E /* OCMockito.framework in Frameworks */,
				618F8F8A16245E59000837E5 /* Security.framework in Frameworks */,
				618F8F7516244B76000837E5 /* SenTestingKit.framework in Frameworks */,
				618F8F7616244B76000837E5 /* Cocoa.framework in Frameworks */,
				618F8F8816244BF2000837E5 /* libCocoaPort-MacOS.a in Frameworks */,
			);
			runOnlyForDeploymentPostprocessing = 0;
		};
		61976FE9157CE9B000788469 /* Frameworks */ = {
			isa = PBXFrameworksBuildPhase;
			buildActionMask = 2147483647;
			files = (
			);
			runOnlyForDeploymentPostprocessing = 0;
		};
		61F8EFDA1691048C000D6A4A /* Frameworks */ = {
			isa = PBXFrameworksBuildPhase;
			buildActionMask = 2147483647;
			files = (
				61F8EFF116910512000D6A4A /* libCocoaPort-iOS.a in Frameworks */,
				61F8EFDF1691048C000D6A4A /* SenTestingKit.framework in Frameworks */,
				61F8EFE11691048C000D6A4A /* UIKit.framework in Frameworks */,
				61F8EFE21691048C000D6A4A /* Foundation.framework in Frameworks */,
			);
			runOnlyForDeploymentPostprocessing = 0;
		};
		61FCB6DC16130C990056B5A4 /* Frameworks */ = {
			isa = PBXFrameworksBuildPhase;
			buildActionMask = 2147483647;
			files = (
				61FCB6E116130C990056B5A4 /* Foundation.framework in Frameworks */,
			);
			runOnlyForDeploymentPostprocessing = 0;
		};
/* End PBXFrameworksBuildPhase section */

/* Begin PBXGroup section */
		61329DD215F176C200E5E43C /* Connection */ = {
			isa = PBXGroup;
			children = (
				6197702A157CF56F00788469 /* CPConnection.h */,
				618F8F641624411B000837E5 /* CPInAppConnection.h */,
				618F8F651624411B000837E5 /* CPInAppConnection.m */,
				61329DD915F19F4900E5E43C /* Socket */,
			);
			name = Connection;
			sourceTree = "<group>";
		};
		61329DD915F19F4900E5E43C /* Socket */ = {
			isa = PBXGroup;
			children = (
				61329DCD15F176BA00E5E43C /* CPSocketConnection.h */,
				61329DCE15F176BA00E5E43C /* CPSocketConnection.m */,
				61329DD515F19F3800E5E43C /* CPSocketServer.h */,
				61329DD615F19F3800E5E43C /* CPSocketServer.m */,
				61329DD415F18BFC00E5E43C /* CPSocketMsg.h */,
			);
			name = Socket;
			sourceTree = "<group>";
		};
		61329DDA15F19F5A00E5E43C /* Futures */ = {
			isa = PBXGroup;
			children = (
				6197703E157D2BE600788469 /* CPEvaluable.h */,
				61977052157D5B2E00788469 /* CPEvaluable.m */,
				6197703A157D153500788469 /* CPFuture.h */,
				6197703B157D153500788469 /* CPFuture.m */,
				61977051157D57BC00788469 /* Placeholders */,
			);
			name = Futures;
			path = ..;
			sourceTree = "<group>";
		};
		618F8F7716244B76000837E5 /* CocoaPortTests */ = {
			isa = PBXGroup;
			children = (
				618F8F6A16244350000837E5 /* TestRetainRelease.h */,
				618F8F6B16244350000837E5 /* TestRetainRelease.m */,
				61B96E4116DDAAB00030A04E /* TestCPPort.m */,
				618F8F7816244B76000837E5 /* Supporting Files */,
				6188509216DEC117009B412E /* TestCPSocketConnection.m */,
			);
			path = CocoaPortTests;
			sourceTree = "<group>";
		};
		618F8F7816244B76000837E5 /* Supporting Files */ = {
			isa = PBXGroup;
			children = (
				618F8F7916244B76000837E5 /* CocoaPortTests-Info.plist */,
				618F8F7A16244B76000837E5 /* InfoPlist.strings */,
				618F8F8016244B76000837E5 /* CocoaPortTests-Prefix.pch */,
			);
			name = "Supporting Files";
			sourceTree = "<group>";
		};
		61976FE1157CE9B000788469 = {
			isa = PBXGroup;
			children = (
				61B96E4816DDCA690030A04E /* Dependencies */,
				61976FF5157CE9B000788469 /* CocoaPort */,
				61FCB6E216130C990056B5A4 /* CocoaPort-iOS */,
				618F8F7716244B76000837E5 /* CocoaPortTests */,
				61F8EFE31691048C000D6A4A /* CocoaPortTests-iOS */,
				61976FEE157CE9B000788469 /* Frameworks */,
				61976FED157CE9B000788469 /* Products */,
			);
			sourceTree = "<group>";
		};
		61976FED157CE9B000788469 /* Products */ = {
			isa = PBXGroup;
			children = (
				61976FEC157CE9B000788469 /* libCocoaPort-MacOS.a */,
				61FCB6DF16130C990056B5A4 /* libCocoaPort-iOS.a */,
				618F8F7416244B76000837E5 /* CocoaPortTests-MacOS.octest */,
				61F8EFDE1691048C000D6A4A /* CocoaPortTests-iOS.octest */,
			);
			name = Products;
			sourceTree = "<group>";
		};
		61976FEE157CE9B000788469 /* Frameworks */ = {
			isa = PBXGroup;
			children = (
				618F8F8916245E59000837E5 /* Security.framework */,
				61976FEF157CE9B000788469 /* Cocoa.framework */,
				61977001157CE9B000788469 /* SenTestingKit.framework */,
				61FCB6E016130C990056B5A4 /* Foundation.framework */,
				61F8EFE01691048C000D6A4A /* UIKit.framework */,
				61976FF1157CE9B000788469 /* Other Frameworks */,
			);
			name = Frameworks;
			sourceTree = "<group>";
		};
		61976FF1157CE9B000788469 /* Other Frameworks */ = {
			isa = PBXGroup;
			children = (
				61976FF2157CE9B000788469 /* AppKit.framework */,
				61976FF3157CE9B000788469 /* CoreData.framework */,
				61976FF4157CE9B000788469 /* Foundation.framework */,
			);
			name = "Other Frameworks";
			sourceTree = "<group>";
		};
		61976FF5157CE9B000788469 /* CocoaPort */ = {
			isa = PBXGroup;
			children = (
				61976FF8157CE9B000788469 /* CocoaPort.h */,
				61977055157D67B000788469 /* CPPort.h */,
				61977056157D67B000788469 /* CPPort.m */,
				61329DD215F176C200E5E43C /* Connection */,
				6197703F157D2C3200788469 /* Port Messages */,
				61329DDA15F19F5A00E5E43C /* Futures */,
				619E8C6F15F6A01800AFA249 /* KVO */,
				61977048157D325300788469 /* Misc */,
				61977029157CF51B00788469 /* Dependencies */,
				61976FF6157CE9B000788469 /* Supporting Files */,
			);
			path = CocoaPort;
			sourceTree = "<group>";
		};
		61976FF6157CE9B000788469 /* Supporting Files */ = {
			isa = PBXGroup;
			children = (
				61976FF7157CE9B000788469 /* CocoaPort-Prefix.pch */,
			);
			name = "Supporting Files";
			sourceTree = "<group>";
		};
		61977029157CF51B00788469 /* Dependencies */ = {
			isa = PBXGroup;
			children = (
				6156B07915FC0C3B00F26BAC /* GCDAsyncSocket.h */,
				6156B07A15FC0C3B00F26BAC /* GCDAsyncSocket.m */,
				61827B8B1614B197006FAA09 /* DDLog.h */,
				61827B8C1614B197006FAA09 /* DDLog.m */,
				61827B901614C0A2006FAA09 /* DDTTYLogger.h */,
				61827B911614C0A2006FAA09 /* DDTTYLogger.m */,
			);
			name = Dependencies;
			sourceTree = "<group>";
		};
		6197703F157D2C3200788469 /* Port Messages */ = {
			isa = PBXGroup;
			children = (
				61329DD315F177BB00E5E43C /* CPPortMessage.h */,
				61977040157D2C7100788469 /* CPRemoteInvocation.h */,
				61977041157D2C7100788469 /* CPRemoteInvocation.m */,
				619843C5157E487F005A66F6 /* CPRetainReleaseMessage.h */,
				619843C6157E487F005A66F6 /* CPRetainReleaseMessage.m */,
				619843D6157E8499005A66F6 /* CPResponseMessage.h */,
				619843D7157E8499005A66F6 /* CPResponseMessage.m */,
			);
			name = "Port Messages";
			path = ..;
			sourceTree = "<group>";
		};
		61977048157D325300788469 /* Misc */ = {
			isa = PBXGroup;
			children = (
				619FE8DD15F23DAA003FF849 /* CPCodingObject.h */,
				619FE8DE15F23DAA003FF849 /* CPCodingObject.m */,
				618F8F5E1624281A000837E5 /* CPRetainReleaseMessage.h */,
				618F8F5F1624281A000837E5 /* CPRetainReleaseMessage.m */,
				619E8C7015F6A0FA00AFA249 /* CPReferenceMap.h */,
				619E8C7115F6A0FA00AFA249 /* CPReferenceMap.m */,
				61FCB6FD16130E6D0056B5A4 /* CPNamespace-iOS.h */,
				61FE792E160A177200C5E23E /* CPNamespace-MacOS.h */,
				618F8F8B1624A103000837E5 /* CPUtilities.h */,
				618F8F8C1624A103000837E5 /* CPUtilities.m */,
			);
			name = Misc;
			sourceTree = "<group>";
		};
		61977051157D57BC00788469 /* Placeholders */ = {
			isa = PBXGroup;
			children = (
				618699C915C75A62008BBD84 /* CPPort+RPUnarchiverDelegate.h */,
				618699CA15C75A64008BBD84 /* CPPort+RPUnarchiverDelegate.m */,
				618699CE15C75BFC008BBD84 /* CPSentReferencePlaceholder.h */,
				618699CF15C75BFC008BBD84 /* CPSentReferencePlaceholder.m */,
				6105E7591602C6F500D0E8DA /* CPNilPlaceholder.h */,
				6105E75A1602C6F500D0E8DA /* CPNilPlaceholder.m */,
			);
			name = Placeholders;
			path = CocoaPort;
			sourceTree = "<group>";
		};
		619E8C6F15F6A01800AFA249 /* KVO */ = {
			isa = PBXGroup;
			children = (
				619E8C5F15F671E900AFA249 /* CPObservationHandle.h */,
				619E8C6015F671E900AFA249 /* CPObservationHandle.m */,
				619E8C6B15F6845300AFA249 /* CPObservationManager.h */,
				619E8C6C15F6845300AFA249 /* CPObservationManager.m */,
			);
			name = KVO;
			sourceTree = "<group>";
		};
		61B96E4816DDCA690030A04E /* Dependencies */ = {
			isa = PBXGroup;
			children = (
				61B96E4916DDCA890030A04E /* OCHamcrest.xcodeproj */,
				61B96E5816DDCA940030A04E /* OCMockito.xcodeproj */,
			);
			name = Dependencies;
			sourceTree = "<group>";
		};
		61B96E4A16DDCA890030A04E /* Products */ = {
			isa = PBXGroup;
			children = (
				61B96E5116DDCA890030A04E /* OCHamcrest.framework */,
				61B96E5316DDCA890030A04E /* OCHamcrestTests.octest */,
				61B96E5516DDCA890030A04E /* libochamcrest.a */,
				61B96E5716DDCA890030A04E /* libochamcrestTests.octest */,
			);
			name = Products;
			sourceTree = "<group>";
		};
		61B96E5916DDCA940030A04E /* Products */ = {
			isa = PBXGroup;
			children = (
				61B96E6016DDCA940030A04E /* OCMockito.framework */,
				61B96E6216DDCA940030A04E /* OCMockitoTests.octest */,
				61B96E6416DDCA940030A04E /* libocmockito.a */,
				61B96E6616DDCA940030A04E /* libocmockitoTests.octest */,
			);
			name = Products;
			sourceTree = "<group>";
		};
		61F8EFE31691048C000D6A4A /* CocoaPortTests-iOS */ = {
			isa = PBXGroup;
			children = (
				61F8EFE41691048C000D6A4A /* Supporting Files */,
			);
			path = "CocoaPortTests-iOS";
			sourceTree = "<group>";
		};
		61F8EFE41691048C000D6A4A /* Supporting Files */ = {
			isa = PBXGroup;
			children = (
				61F8EFE51691048C000D6A4A /* CocoaPortTests-iOS-Info.plist */,
				61F8EFE61691048C000D6A4A /* InfoPlist.strings */,
				61F8EFEC1691048C000D6A4A /* CocoaPortTests-iOS-Prefix.pch */,
			);
			name = "Supporting Files";
			sourceTree = "<group>";
		};
		61FCB6E216130C990056B5A4 /* CocoaPort-iOS */ = {
			isa = PBXGroup;
			children = (
				61FCB6E316130C990056B5A4 /* Supporting Files */,
			);
			path = "CocoaPort-iOS";
			sourceTree = "<group>";
		};
		61FCB6E316130C990056B5A4 /* Supporting Files */ = {
			isa = PBXGroup;
			children = (
				61FCB6E416130C990056B5A4 /* CocoaPort-iOS-Prefix.pch */,
			);
			name = "Supporting Files";
			sourceTree = "<group>";
		};
/* End PBXGroup section */

/* Begin PBXHeadersBuildPhase section */
		61976FEA157CE9B000788469 /* Headers */ = {
			isa = PBXHeadersBuildPhase;
			buildActionMask = 2147483647;
			files = (
				6197702C157CF56F00788469 /* CPConnection.h in Headers */,
				6197703C157D153500788469 /* CPFuture.h in Headers */,
				61977042157D2C7100788469 /* CPRemoteInvocation.h in Headers */,
				61977054157D675B00788469 /* CPEvaluable.h in Headers */,
				61977057157D67B000788469 /* CPPort.h in Headers */,
				619843C7157E487F005A66F6 /* CPRetainReleaseMessage.h in Headers */,
				619843D8157E8499005A66F6 /* CPResponseMessage.h in Headers */,
				614AEE87157FD02F00E7526B /* CocoaPort.h in Headers */,
				618699CB15C75A64008BBD84 /* CPPort+RPUnarchiverDelegate.h in Headers */,
				618699D015C75BFD008BBD84 /* CPSentReferencePlaceholder.h in Headers */,
				61329DCF15F176BA00E5E43C /* CPSocketConnection.h in Headers */,
				61329DD715F19F3800E5E43C /* CPSocketServer.h in Headers */,
				619FE8DF15F23DAA003FF849 /* CPCodingObject.h in Headers */,
				619E8C6115F671E900AFA249 /* CPObservationHandle.h in Headers */,
				619E8C6D15F6845300AFA249 /* CPObservationManager.h in Headers */,
				619E8C7215F6A0FA00AFA249 /* CPReferenceMap.h in Headers */,
				6105E75B1602C6F600D0E8DA /* CPNilPlaceholder.h in Headers */,
				61FE792F160A177200C5E23E /* CPNamespace-MacOS.h in Headers */,
				61FCB6FE16130E6D0056B5A4 /* CPNamespace-iOS.h in Headers */,
				618F8F661624411B000837E5 /* CPInAppConnection.h in Headers */,
				618F8F8D1624A103000837E5 /* CPUtilities.h in Headers */,
				61852F0F162C51700058997D /* GCDAsyncSocket.h in Headers */,
			);
			runOnlyForDeploymentPostprocessing = 0;
		};
/* End PBXHeadersBuildPhase section */

/* Begin PBXNativeTarget section */
		618F8F7316244B76000837E5 /* CocoaPortTests-MacOS */ = {
			isa = PBXNativeTarget;
			buildConfigurationList = 618F8F8116244B76000837E5 /* Build configuration list for PBXNativeTarget "CocoaPortTests-MacOS" */;
			buildPhases = (
				618F8F6F16244B76000837E5 /* Sources */,
				618F8F7016244B76000837E5 /* Frameworks */,
				618F8F7116244B76000837E5 /* Resources */,
				618F8F7216244B76000837E5 /* ShellScript */,
			);
			buildRules = (
			);
			dependencies = (
				61B96E6A16DDCAB00030A04E /* PBXTargetDependency */,
				61B96E6C16DDCAB00030A04E /* PBXTargetDependency */,
				618F8F8716244BC3000837E5 /* PBXTargetDependency */,
			);
			name = "CocoaPortTests-MacOS";
			productName = CocoaPortTests;
			productReference = 618F8F7416244B76000837E5 /* CocoaPortTests-MacOS.octest */;
			productType = "com.apple.product-type.bundle";
		};
		61976FEB157CE9B000788469 /* CocoaPort-MacOS */ = {
			isa = PBXNativeTarget;
			buildConfigurationList = 61977012157CE9B100788469 /* Build configuration list for PBXNativeTarget "CocoaPort-MacOS" */;
			buildPhases = (
				61DC144F16097D5F0043DC8C /* ShellScript */,
				61976FE8157CE9B000788469 /* Sources */,
				61976FE9157CE9B000788469 /* Frameworks */,
				61976FEA157CE9B000788469 /* Headers */,
			);
			buildRules = (
			);
			dependencies = (
			);
			name = "CocoaPort-MacOS";
			productName = CocoaPort;
			productReference = 61976FEC157CE9B000788469 /* libCocoaPort-MacOS.a */;
			productType = "com.apple.product-type.library.static";
		};
		61F8EFDD1691048C000D6A4A /* CocoaPortTests-iOS */ = {
			isa = PBXNativeTarget;
			buildConfigurationList = 61F8EFED1691048C000D6A4A /* Build configuration list for PBXNativeTarget "CocoaPortTests-iOS" */;
			buildPhases = (
				61F8EFD91691048C000D6A4A /* Sources */,
				61F8EFDA1691048C000D6A4A /* Frameworks */,
				61F8EFDB1691048C000D6A4A /* Resources */,
				61F8EFDC1691048C000D6A4A /* ShellScript */,
			);
			buildRules = (
			);
			dependencies = (
			);
			name = "CocoaPortTests-iOS";
			productName = "CocoaPortTests-iOS";
			productReference = 61F8EFDE1691048C000D6A4A /* CocoaPortTests-iOS.octest */;
			productType = "com.apple.product-type.bundle";
		};
		61FCB6DE16130C990056B5A4 /* CocoaPort-iOS */ = {
			isa = PBXNativeTarget;
			buildConfigurationList = 61FCB6E916130C990056B5A4 /* Build configuration list for PBXNativeTarget "CocoaPort-iOS" */;
			buildPhases = (
				61FCB6EC16130D160056B5A4 /* ShellScript */,
				61FCB6DB16130C990056B5A4 /* Sources */,
				61FCB6DC16130C990056B5A4 /* Frameworks */,
				61FCB6DD16130C990056B5A4 /* CopyFiles */,
			);
			buildRules = (
			);
			dependencies = (
			);
			name = "CocoaPort-iOS";
			productName = "CocoaPort-iOS";
			productReference = 61FCB6DF16130C990056B5A4 /* libCocoaPort-iOS.a */;
			productType = "com.apple.product-type.library.static";
		};
/* End PBXNativeTarget section */

/* Begin PBXProject section */
		61976FE3157CE9B000788469 /* Project object */ = {
			isa = PBXProject;
			attributes = {
				LastUpgradeCheck = 0450;
				ORGANIZATIONNAME = "Chris Devereux";
			};
			buildConfigurationList = 61976FE6157CE9B000788469 /* Build configuration list for PBXProject "CocoaPort" */;
			compatibilityVersion = "Xcode 3.2";
			developmentRegion = English;
			hasScannedForEncodings = 0;
			knownRegions = (
				en,
			);
			mainGroup = 61976FE1157CE9B000788469;
			productRefGroup = 61976FED157CE9B000788469 /* Products */;
			projectDirPath = "";
			projectReferences = (
				{
					ProductGroup = 61B96E4A16DDCA890030A04E /* Products */;
					ProjectRef = 61B96E4916DDCA890030A04E /* OCHamcrest.xcodeproj */;
				},
				{
					ProductGroup = 61B96E5916DDCA940030A04E /* Products */;
					ProjectRef = 61B96E5816DDCA940030A04E /* OCMockito.xcodeproj */;
				},
			);
			projectRoot = "";
			targets = (
				61976FEB157CE9B000788469 /* CocoaPort-MacOS */,
				61FCB6DE16130C990056B5A4 /* CocoaPort-iOS */,
				618F8F7316244B76000837E5 /* CocoaPortTests-MacOS */,
				61F8EFDD1691048C000D6A4A /* CocoaPortTests-iOS */,
			);
		};
/* End PBXProject section */

/* Begin PBXReferenceProxy section */
		61B96E5116DDCA890030A04E /* OCHamcrest.framework */ = {
			isa = PBXReferenceProxy;
			fileType = wrapper.framework;
			path = OCHamcrest.framework;
			remoteRef = 61B96E5016DDCA890030A04E /* PBXContainerItemProxy */;
			sourceTree = BUILT_PRODUCTS_DIR;
		};
		61B96E5316DDCA890030A04E /* OCHamcrestTests.octest */ = {
			isa = PBXReferenceProxy;
			fileType = wrapper.cfbundle;
			path = OCHamcrestTests.octest;
			remoteRef = 61B96E5216DDCA890030A04E /* PBXContainerItemProxy */;
			sourceTree = BUILT_PRODUCTS_DIR;
		};
		61B96E5516DDCA890030A04E /* libochamcrest.a */ = {
			isa = PBXReferenceProxy;
			fileType = archive.ar;
			path = libochamcrest.a;
			remoteRef = 61B96E5416DDCA890030A04E /* PBXContainerItemProxy */;
			sourceTree = BUILT_PRODUCTS_DIR;
		};
		61B96E5716DDCA890030A04E /* libochamcrestTests.octest */ = {
			isa = PBXReferenceProxy;
			fileType = wrapper.cfbundle;
			path = libochamcrestTests.octest;
			remoteRef = 61B96E5616DDCA890030A04E /* PBXContainerItemProxy */;
			sourceTree = BUILT_PRODUCTS_DIR;
		};
		61B96E6016DDCA940030A04E /* OCMockito.framework */ = {
			isa = PBXReferenceProxy;
			fileType = wrapper.framework;
			path = OCMockito.framework;
			remoteRef = 61B96E5F16DDCA940030A04E /* PBXContainerItemProxy */;
			sourceTree = BUILT_PRODUCTS_DIR;
		};
		61B96E6216DDCA940030A04E /* OCMockitoTests.octest */ = {
			isa = PBXReferenceProxy;
			fileType = wrapper.cfbundle;
			path = OCMockitoTests.octest;
			remoteRef = 61B96E6116DDCA940030A04E /* PBXContainerItemProxy */;
			sourceTree = BUILT_PRODUCTS_DIR;
		};
		61B96E6416DDCA940030A04E /* libocmockito.a */ = {
			isa = PBXReferenceProxy;
			fileType = archive.ar;
			path = libocmockito.a;
			remoteRef = 61B96E6316DDCA940030A04E /* PBXContainerItemProxy */;
			sourceTree = BUILT_PRODUCTS_DIR;
		};
		61B96E6616DDCA940030A04E /* libocmockitoTests.octest */ = {
			isa = PBXReferenceProxy;
			fileType = wrapper.cfbundle;
			path = libocmockitoTests.octest;
			remoteRef = 61B96E6516DDCA940030A04E /* PBXContainerItemProxy */;
			sourceTree = BUILT_PRODUCTS_DIR;
		};
/* End PBXReferenceProxy section */

/* Begin PBXResourcesBuildPhase section */
		618F8F7116244B76000837E5 /* Resources */ = {
			isa = PBXResourcesBuildPhase;
			buildActionMask = 2147483647;
			files = (
				618F8F7C16244B76000837E5 /* InfoPlist.strings in Resources */,
			);
			runOnlyForDeploymentPostprocessing = 0;
		};
		61F8EFDB1691048C000D6A4A /* Resources */ = {
			isa = PBXResourcesBuildPhase;
			buildActionMask = 2147483647;
			files = (
				61F8EFE81691048C000D6A4A /* InfoPlist.strings in Resources */,
			);
			runOnlyForDeploymentPostprocessing = 0;
		};
/* End PBXResourcesBuildPhase section */

/* Begin PBXShellScriptBuildPhase section */
		618F8F7216244B76000837E5 /* ShellScript */ = {
			isa = PBXShellScriptBuildPhase;
			buildActionMask = 2147483647;
			files = (
			);
			inputPaths = (
			);
			outputPaths = (
			);
			runOnlyForDeploymentPostprocessing = 0;
			shellPath = /bin/sh;
			shellScript = "# Run the unit tests in this test bundle.\n\"${SYSTEM_DEVELOPER_DIR}/Tools/RunUnitTests\"\n";
		};
		61DC144F16097D5F0043DC8C /* ShellScript */ = {
			isa = PBXShellScriptBuildPhase;
			buildActionMask = 12;
			files = (
			);
			inputPaths = (
			);
			outputPaths = (
			);
			runOnlyForDeploymentPostprocessing = 0;
			shellPath = /bin/sh;
			shellScript = "ruby External/nstool/add_to_namespace.rb CocoaPort/CPNamespace-MacOS.h NS";
			showEnvVarsInLog = 0;
		};
		61F8EFDC1691048C000D6A4A /* ShellScript */ = {
			isa = PBXShellScriptBuildPhase;
			buildActionMask = 2147483647;
			files = (
			);
			inputPaths = (
			);
			outputPaths = (
			);
			runOnlyForDeploymentPostprocessing = 0;
			shellPath = /bin/sh;
			shellScript = "# Run the unit tests in this test bundle.\n\"${SYSTEM_DEVELOPER_DIR}/Tools/RunUnitTests\"\n";
		};
		61FCB6EC16130D160056B5A4 /* ShellScript */ = {
			isa = PBXShellScriptBuildPhase;
			buildActionMask = 2147483647;
			files = (
			);
			inputPaths = (
			);
			outputPaths = (
			);
			runOnlyForDeploymentPostprocessing = 0;
			shellPath = /bin/sh;
			shellScript = "ruby External/nstool/add_to_namespace.rb CocoaPort/CPNamespace-iOS.h NS UI";
		};
/* End PBXShellScriptBuildPhase section */

/* Begin PBXSourcesBuildPhase section */
		618F8F6F16244B76000837E5 /* Sources */ = {
			isa = PBXSourcesBuildPhase;
			buildActionMask = 2147483647;
			files = (
				618F8F8416244B91000837E5 /* TestRetainRelease.m in Sources */,
				61B96E4216DDAAB00030A04E /* TestCPPort.m in Sources */,
				6188509A16DEC125009B412E /* TestCPSocketConnection.m in Sources */,
			);
			runOnlyForDeploymentPostprocessing = 0;
		};
		61976FE8157CE9B000788469 /* Sources */ = {
			isa = PBXSourcesBuildPhase;
			buildActionMask = 2147483647;
			files = (
				6197703D157D153500788469 /* CPFuture.m in Sources */,
				61977043157D2C7100788469 /* CPRemoteInvocation.m in Sources */,
				61977053157D5B2E00788469 /* CPEvaluable.m in Sources */,
				61977058157D67B000788469 /* CPPort.m in Sources */,
				619843C8157E487F005A66F6 /* CPRetainReleaseMessage.m in Sources */,
				619843D9157E8499005A66F6 /* CPResponseMessage.m in Sources */,
				618699CC15C75A64008BBD84 /* CPPort+RPUnarchiverDelegate.m in Sources */,
				618699D115C75BFD008BBD84 /* CPSentReferencePlaceholder.m in Sources */,
				61329DD015F176BA00E5E43C /* CPSocketConnection.m in Sources */,
				61329DD815F19F3800E5E43C /* CPSocketServer.m in Sources */,
				619FE8E015F23DAA003FF849 /* CPCodingObject.m in Sources */,
				619E8C6215F671E900AFA249 /* CPObservationHandle.m in Sources */,
				619E8C6E15F6845300AFA249 /* CPObservationManager.m in Sources */,
				619E8C7315F6A0FA00AFA249 /* CPReferenceMap.m in Sources */,
				6156B07C15FC0C3B00F26BAC /* GCDAsyncSocket.m in Sources */,
				6105E75C1602C6F600D0E8DA /* CPNilPlaceholder.m in Sources */,
				618F8F671624411B000837E5 /* CPInAppConnection.m in Sources */,
				618F8F8E1624A103000837E5 /* CPUtilities.m in Sources */,
			);
			runOnlyForDeploymentPostprocessing = 0;
		};
		61F8EFD91691048C000D6A4A /* Sources */ = {
			isa = PBXSourcesBuildPhase;
			buildActionMask = 2147483647;
			files = (
				61F8EFF0169104D9000D6A4A /* TestRetainRelease.m in Sources */,
				61B96E4316DDAAB00030A04E /* TestCPPort.m in Sources */,
				6188509B16DEC126009B412E /* TestCPSocketConnection.m in Sources */,
			);
			runOnlyForDeploymentPostprocessing = 0;
		};
		61FCB6DB16130C990056B5A4 /* Sources */ = {
			isa = PBXSourcesBuildPhase;
			buildActionMask = 2147483647;
			files = (
				61FCB6ED16130D670056B5A4 /* CPPort.m in Sources */,
				61FCB6EE16130D670056B5A4 /* CPSocketConnection.m in Sources */,
				61FCB6EF16130D670056B5A4 /* CPSocketServer.m in Sources */,
				61FCB6F016130D790056B5A4 /* CPRemoteInvocation.m in Sources */,
				61FCB6F116130D790056B5A4 /* CPRetainReleaseMessage.m in Sources */,
				61FCB6F216130D790056B5A4 /* CPResponseMessage.m in Sources */,
				61FCB6F316130D7F0056B5A4 /* CPEvaluable.m in Sources */,
				61FCB6F416130D7F0056B5A4 /* CPFuture.m in Sources */,
				61FCB6F516130D870056B5A4 /* CPPort+RPUnarchiverDelegate.m in Sources */,
				61FCB6F616130D870056B5A4 /* CPSentReferencePlaceholder.m in Sources */,
				61FCB6F716130D870056B5A4 /* CPNilPlaceholder.m in Sources */,
				61FCB6F816130DEC0056B5A4 /* CPObservationHandle.m in Sources */,
				61FCB6F916130DEC0056B5A4 /* CPObservationManager.m in Sources */,
				61FCB6FA16130DEC0056B5A4 /* CPCodingObject.m in Sources */,
				61FCB6FB16130DEC0056B5A4 /* CPReferenceMap.m in Sources */,
				61FCB6FC16130DEC0056B5A4 /* GCDAsyncSocket.m in Sources */,
				618F8F681624411B000837E5 /* CPInAppConnection.m in Sources */,
				618F8F8F1624A103000837E5 /* CPUtilities.m in Sources */,
			);
			runOnlyForDeploymentPostprocessing = 0;
		};
/* End PBXSourcesBuildPhase section */

/* Begin PBXTargetDependency section */
		618F8F8716244BC3000837E5 /* PBXTargetDependency */ = {
			isa = PBXTargetDependency;
			target = 61976FEB157CE9B000788469 /* CocoaPort-MacOS */;
			targetProxy = 618F8F8616244BC3000837E5 /* PBXContainerItemProxy */;
		};
		61B96E6A16DDCAB00030A04E /* PBXTargetDependency */ = {
			isa = PBXTargetDependency;
			name = OCHamcrest;
			targetProxy = 61B96E6916DDCAB00030A04E /* PBXContainerItemProxy */;
		};
		61B96E6C16DDCAB00030A04E /* PBXTargetDependency */ = {
			isa = PBXTargetDependency;
			name = OCMockito;
			targetProxy = 61B96E6B16DDCAB00030A04E /* PBXContainerItemProxy */;
		};
/* End PBXTargetDependency section */

/* Begin PBXVariantGroup section */
		618F8F7A16244B76000837E5 /* InfoPlist.strings */ = {
			isa = PBXVariantGroup;
			children = (
				618F8F7B16244B76000837E5 /* en */,
			);
			name = InfoPlist.strings;
			sourceTree = "<group>";
		};
		61F8EFE61691048C000D6A4A /* InfoPlist.strings */ = {
			isa = PBXVariantGroup;
			children = (
				61F8EFE71691048C000D6A4A /* en */,
			);
			name = InfoPlist.strings;
			sourceTree = "<group>";
		};
/* End PBXVariantGroup section */

/* Begin XCBuildConfiguration section */
		618F8F8216244B76000837E5 /* Debug */ = {
			isa = XCBuildConfiguration;
			buildSettings = {
				CLANG_CXX_LANGUAGE_STANDARD = "gnu++0x";
				CLANG_CXX_LIBRARY = "libc++";
				CLANG_WARN_EMPTY_BODY = YES;
				CLANG_WARN__DUPLICATE_METHOD_MATCH = YES;
				COMBINE_HIDPI_IMAGES = YES;
				FRAMEWORK_SEARCH_PATHS = "\"$(DEVELOPER_LIBRARY_DIR)/Frameworks\"";
				GCC_PRECOMPILE_PREFIX_HEADER = YES;
				GCC_PREFIX_HEADER = "CocoaPortTests/CocoaPortTests-Prefix.pch";
				INFOPLIST_FILE = "CocoaPortTests/CocoaPortTests-Info.plist";
				OTHER_LDFLAGS = "-ObjC";
				PRODUCT_NAME = "$(TARGET_NAME)";
				WRAPPER_EXTENSION = octest;
			};
			name = Debug;
		};
		618F8F8316244B76000837E5 /* Release */ = {
			isa = XCBuildConfiguration;
			buildSettings = {
				CLANG_CXX_LANGUAGE_STANDARD = "gnu++0x";
				CLANG_CXX_LIBRARY = "libc++";
				CLANG_WARN_EMPTY_BODY = YES;
				CLANG_WARN__DUPLICATE_METHOD_MATCH = YES;
				COMBINE_HIDPI_IMAGES = YES;
				FRAMEWORK_SEARCH_PATHS = "\"$(DEVELOPER_LIBRARY_DIR)/Frameworks\"";
				GCC_PRECOMPILE_PREFIX_HEADER = YES;
				GCC_PREFIX_HEADER = "CocoaPortTests/CocoaPortTests-Prefix.pch";
				INFOPLIST_FILE = "CocoaPortTests/CocoaPortTests-Info.plist";
				OTHER_LDFLAGS = "-ObjC";
				PRODUCT_NAME = "$(TARGET_NAME)";
				WRAPPER_EXTENSION = octest;
			};
			name = Release;
		};
		61977010157CE9B100788469 /* Debug */ = {
			isa = XCBuildConfiguration;
			buildSettings = {
				ALWAYS_SEARCH_USER_PATHS = NO;
				ARCHS = "$(ARCHS_STANDARD_64_BIT)";
				CLANG_ENABLE_OBJC_ARC = YES;
				COPY_PHASE_STRIP = NO;
				GCC_C_LANGUAGE_STANDARD = gnu99;
				GCC_DYNAMIC_NO_PIC = NO;
				GCC_ENABLE_OBJC_EXCEPTIONS = YES;
				GCC_OPTIMIZATION_LEVEL = 0;
				GCC_PREPROCESSOR_DEFINITIONS = (
					"DEBUG=1",
					"$(inherited)",
				);
				GCC_SYMBOLS_PRIVATE_EXTERN = NO;
				GCC_VERSION = com.apple.compilers.llvm.clang.1_0;
				GCC_WARN_64_TO_32_BIT_CONVERSION = YES;
				GCC_WARN_ABOUT_RETURN_TYPE = YES;
				GCC_WARN_UNINITIALIZED_AUTOS = YES;
				GCC_WARN_UNUSED_VARIABLE = YES;
				HEADER_SEARCH_PATHS = (
					"$(PROJECT_DIR)/External/CocoaPort/External/CocoaAsyncSocket/Vendor/CocoaLumberjack/",
					"$(PROJECT_DIR)/External",
				);
				MACOSX_DEPLOYMENT_TARGET = 10.7;
				ONLY_ACTIVE_ARCH = YES;
				SDKROOT = macosx;
			};
			name = Debug;
		};
		61977011157CE9B100788469 /* Release */ = {
			isa = XCBuildConfiguration;
			buildSettings = {
				ALWAYS_SEARCH_USER_PATHS = NO;
				ARCHS = "$(ARCHS_STANDARD_64_BIT)";
				CLANG_ENABLE_OBJC_ARC = YES;
				COPY_PHASE_STRIP = YES;
				DEBUG_INFORMATION_FORMAT = "dwarf-with-dsym";
				GCC_C_LANGUAGE_STANDARD = gnu99;
				GCC_ENABLE_OBJC_EXCEPTIONS = YES;
				GCC_VERSION = com.apple.compilers.llvm.clang.1_0;
				GCC_WARN_64_TO_32_BIT_CONVERSION = YES;
				GCC_WARN_ABOUT_RETURN_TYPE = YES;
				GCC_WARN_UNINITIALIZED_AUTOS = YES;
				GCC_WARN_UNUSED_VARIABLE = YES;
				HEADER_SEARCH_PATHS = (
					"$(PROJECT_DIR)/External/CocoaPort/External/CocoaAsyncSocket/Vendor/CocoaLumberjack/",
					"$(PROJECT_DIR)/External",
				);
				MACOSX_DEPLOYMENT_TARGET = 10.7;
				SDKROOT = macosx;
			};
			name = Release;
		};
		61977013157CE9B100788469 /* Debug */ = {
			isa = XCBuildConfiguration;
			buildSettings = {
				CLANG_CXX_LIBRARY = "libstdc++";
				CLANG_WARN_OBJCPP_ARC_ABI = YES;
				COMBINE_HIDPI_IMAGES = YES;
				EXECUTABLE_EXTENSION = a;
				GCC_PRECOMPILE_PREFIX_HEADER = YES;
				GCC_PREFIX_HEADER = "CocoaPort/CocoaPort-Prefix.pch";
				MACH_O_TYPE = staticlib;
				PRODUCT_NAME = "$(TARGET_NAME)";
			};
			name = Debug;
		};
		61977014157CE9B100788469 /* Release */ = {
			isa = XCBuildConfiguration;
			buildSettings = {
				CLANG_CXX_LIBRARY = "libstdc++";
				CLANG_WARN_OBJCPP_ARC_ABI = YES;
				COMBINE_HIDPI_IMAGES = YES;
				EXECUTABLE_EXTENSION = a;
				GCC_PRECOMPILE_PREFIX_HEADER = YES;
				GCC_PREFIX_HEADER = "CocoaPort/CocoaPort-Prefix.pch";
				MACH_O_TYPE = staticlib;
				PRODUCT_NAME = "$(TARGET_NAME)";
			};
			name = Release;
		};
		61F8EFEE1691048C000D6A4A /* Debug */ = {
			isa = XCBuildConfiguration;
			buildSettings = {
				CLANG_CXX_LANGUAGE_STANDARD = "gnu++0x";
				CLANG_CXX_LIBRARY = "libc++";
				CLANG_WARN_EMPTY_BODY = YES;
				CLANG_WARN__DUPLICATE_METHOD_MATCH = YES;
				FRAMEWORK_SEARCH_PATHS = (
					"\"$(SDKROOT)/Developer/Library/Frameworks\"",
					"\"$(DEVELOPER_LIBRARY_DIR)/Frameworks\"",
				);
				GCC_PRECOMPILE_PREFIX_HEADER = YES;
				GCC_PREFIX_HEADER = "CocoaPortTests-iOS/CocoaPortTests-iOS-Prefix.pch";
				INFOPLIST_FILE = "CocoaPortTests-iOS/CocoaPortTests-iOS-Info.plist";
				IPHONEOS_DEPLOYMENT_TARGET = 6.0;
				LIBRARY_SEARCH_PATHS = (
					"$(inherited)",
					"\"$(SRCROOT)/Vendor/OCMock/iOS\"",
				);
				PRODUCT_NAME = "$(TARGET_NAME)";
				SDKROOT = iphoneos;
				WRAPPER_EXTENSION = octest;
			};
			name = Debug;
		};
		61F8EFEF1691048C000D6A4A /* Release */ = {
			isa = XCBuildConfiguration;
			buildSettings = {
				CLANG_CXX_LANGUAGE_STANDARD = "gnu++0x";
				CLANG_CXX_LIBRARY = "libc++";
				CLANG_WARN_EMPTY_BODY = YES;
				CLANG_WARN__DUPLICATE_METHOD_MATCH = YES;
				FRAMEWORK_SEARCH_PATHS = (
					"\"$(SDKROOT)/Developer/Library/Frameworks\"",
					"\"$(DEVELOPER_LIBRARY_DIR)/Frameworks\"",
				);
				GCC_PRECOMPILE_PREFIX_HEADER = YES;
				GCC_PREFIX_HEADER = "CocoaPortTests-iOS/CocoaPortTests-iOS-Prefix.pch";
				INFOPLIST_FILE = "CocoaPortTests-iOS/CocoaPortTests-iOS-Info.plist";
				IPHONEOS_DEPLOYMENT_TARGET = 6.0;
				LIBRARY_SEARCH_PATHS = (
					"$(inherited)",
					"\"$(SRCROOT)/Vendor/OCMock/iOS\"",
				);
				PRODUCT_NAME = "$(TARGET_NAME)";
				SDKROOT = iphoneos;
				VALIDATE_PRODUCT = YES;
				WRAPPER_EXTENSION = octest;
			};
			name = Release;
		};
		61FCB6EA16130C990056B5A4 /* Debug */ = {
			isa = XCBuildConfiguration;
			buildSettings = {
				ARCHS = "$(ARCHS_STANDARD_32_BIT)";
				CLANG_CXX_LANGUAGE_STANDARD = "gnu++0x";
				CLANG_CXX_LIBRARY = "libc++";
				CLANG_WARN_EMPTY_BODY = YES;
				CLANG_WARN__DUPLICATE_METHOD_MATCH = YES;
				DSTROOT = /tmp/CocoaPort_iOS.dst;
				GCC_PRECOMPILE_PREFIX_HEADER = YES;
				GCC_PREFIX_HEADER = "CocoaPort-iOS/CocoaPort-iOS-Prefix.pch";
				IPHONEOS_DEPLOYMENT_TARGET = 5.0;
				ONLY_ACTIVE_ARCH = NO;
				OTHER_LDFLAGS = "-ObjC";
				PRODUCT_NAME = "$(TARGET_NAME)";
				SDKROOT = iphoneos;
				SKIP_INSTALL = YES;
				VALID_ARCHS = "armv7 armv7s i386";
			};
			name = Debug;
		};
		61FCB6EB16130C990056B5A4 /* Release */ = {
			isa = XCBuildConfiguration;
			buildSettings = {
				ARCHS = "$(ARCHS_STANDARD_32_BIT)";
				CLANG_CXX_LANGUAGE_STANDARD = "gnu++0x";
				CLANG_CXX_LIBRARY = "libc++";
				CLANG_WARN_EMPTY_BODY = YES;
				CLANG_WARN__DUPLICATE_METHOD_MATCH = YES;
				DSTROOT = /tmp/CocoaPort_iOS.dst;
				GCC_PRECOMPILE_PREFIX_HEADER = YES;
				GCC_PREFIX_HEADER = "CocoaPort-iOS/CocoaPort-iOS-Prefix.pch";
				IPHONEOS_DEPLOYMENT_TARGET = 5.0;
				OTHER_LDFLAGS = "-ObjC";
				PRODUCT_NAME = "$(TARGET_NAME)";
				SDKROOT = iphoneos;
				SKIP_INSTALL = YES;
				VALIDATE_PRODUCT = YES;
				VALID_ARCHS = "armv7 armv7s i386";
			};
			name = Release;
		};
/* End XCBuildConfiguration section */

/* Begin XCConfigurationList section */
		618F8F8116244B76000837E5 /* Build configuration list for PBXNativeTarget "CocoaPortTests-MacOS" */ = {
			isa = XCConfigurationList;
			buildConfigurations = (
				618F8F8216244B76000837E5 /* Debug */,
				618F8F8316244B76000837E5 /* Release */,
			);
			defaultConfigurationIsVisible = 0;
			defaultConfigurationName = Release;
		};
		61976FE6157CE9B000788469 /* Build configuration list for PBXProject "CocoaPort" */ = {
			isa = XCConfigurationList;
			buildConfigurations = (
				61977010157CE9B100788469 /* Debug */,
				61977011157CE9B100788469 /* Release */,
			);
			defaultConfigurationIsVisible = 0;
			defaultConfigurationName = Release;
		};
		61977012157CE9B100788469 /* Build configuration list for PBXNativeTarget "CocoaPort-MacOS" */ = {
			isa = XCConfigurationList;
			buildConfigurations = (
				61977013157CE9B100788469 /* Debug */,
				61977014157CE9B100788469 /* Release */,
			);
			defaultConfigurationIsVisible = 0;
			defaultConfigurationName = Release;
		};
		61F8EFED1691048C000D6A4A /* Build configuration list for PBXNativeTarget "CocoaPortTests-iOS" */ = {
			isa = XCConfigurationList;
			buildConfigurations = (
				61F8EFEE1691048C000D6A4A /* Debug */,
				61F8EFEF1691048C000D6A4A /* Release */,
			);
			defaultConfigurationIsVisible = 0;
			defaultConfigurationName = Release;
		};
		61FCB6E916130C990056B5A4 /* Build configuration list for PBXNativeTarget "CocoaPort-iOS" */ = {
			isa = XCConfigurationList;
			buildConfigurations = (
				61FCB6EA16130C990056B5A4 /* Debug */,
				61FCB6EB16130C990056B5A4 /* Release */,
			);
			defaultConfigurationIsVisible = 0;
			defaultConfigurationName = Release;
		};
/* End XCConfigurationList section */
	};
	rootObject = 61976FE3157CE9B000788469 /* Project object */;
}
